
Microsoft Visual Studio Solution File, Format Version 12.00
# Visual Studio 15
VisualStudioVersion = 15.0.26430.15
MinimumVisualStudioVersion = 10.0.40219.1
Project("{FAE04EC0-301F-11D3-BF4B-00C04F79EFBC}") = "01.Exercises", "01.Exercises\01.Exercises.csproj", "{B767B3D6-A40E-41A3-B419-C644034ABB75}"
EndProject
Project("{FAE04EC0-301F-11D3-BF4B-00C04F79EFBC}") = "02.OptimizedBankingSystem", "02.OptimizedBankingSystem\02.OptimizedBankingSystem.csproj", "{C323611B-5489-402C-97CA-56FC81D8766C}"
EndProject
Project("{FAE04EC0-301F-11D3-BF4B-00C04F79EFBC}") = "03.Animals", "03.Animals\03.Animals.csproj", "{DD416181-459C-476C-97C5-F63B865580EE}"
EndProject
Project("{FAE04EC0-301F-11D3-BF4B-00C04F79EFBC}") = "04.Websites", "04.Websites\04.Websites.csproj", "{A8CB5ABD-F29C-4325-A5ED-4E8176911BE1}"
EndProject
Project("{FAE04EC0-301F-11D3-BF4B-00C04F79EFBC}") = "05.Boxes", "05.Boxes\05.Boxes.csproj", "{52AA0F05-8902-4012-8071-60E01761CBCF}"
EndProject
Project("{FAE04EC0-301F-11D3-BF4B-00C04F79EFBC}") = "06.Messages", "06.Messages\06.Messages.csproj", "{271D1728-4FFB-43F0-B1C0-6D8BEDF0C695}"
EndProject
Global
	GlobalSection(SolutionConfigurationPlatforms) = preSolution
		Debug|Any CPU = Debug|Any CPU
		Release|Any CPU = Release|Any CPU
	EndGlobalSection
	GlobalSection(ProjectConfigurationPlatforms) = postSolution
		{B767B3D6-A40E-41A3-B419-C644034ABB75}.Debug|Any CPU.ActiveCfg = Debug|Any CPU
		{B767B3D6-A40E-41A3-B419-C644034ABB75}.Debug|Any CPU.Build.0 = Debug|Any CPU
		{B767B3D6-A40E-41A3-B419-C644034ABB75}.Release|Any CPU.ActiveCfg = Release|Any CPU
		{B767B3D6-A40E-41A3-B419-C644034ABB75}.Release|Any CPU.Build.0 = Release|Any CPU
		{C323611B-5489-402C-97CA-56FC81D8766C}.Debug|Any CPU.ActiveCfg = Debug|Any CPU
		{C323611B-5489-402C-97CA-56FC81D8766C}.Debug|Any CPU.Build.0 = Debug|Any CPU
		{C323611B-5489-402C-97CA-56FC81D8766C}.Release|Any CPU.ActiveCfg = Release|Any CPU
		{C323611B-5489-402C-97CA-56FC81D8766C}.Release|Any CPU.Build.0 = Release|Any CPU
		{DD416181-459C-476C-97C5-F63B865580EE}.Debug|Any CPU.ActiveCfg = Debug|Any CPU
		{DD416181-459C-476C-97C5-F63B865580EE}.Debug|Any CPU.Build.0 = Debug|Any CPU
		{DD416181-459C-476C-97C5-F63B865580EE}.Release|Any CPU.ActiveCfg = Release|Any CPU
		{DD416181-459C-476C-97C5-F63B865580EE}.Release|Any CPU.Build.0 = Release|Any CPU
		{A8CB5ABD-F29C-4325-A5ED-4E8176911BE1}.Debug|Any CPU.ActiveCfg = Debug|Any CPU
		{A8CB5ABD-F29C-4325-A5ED-4E8176911BE1}.Debug|Any CPU.Build.0 = Debug|Any CPU
		{A8CB5ABD-F29C-4325-A5ED-4E8176911BE1}.Release|Any CPU.ActiveCfg = Release|Any CPU
		{A8CB5ABD-F29C-4325-A5ED-4E8176911BE1}.Release|Any CPU.Build.0 = Release|Any CPU
		{52AA0F05-8902-4012-8071-60E01761CBCF}.Debug|Any CPU.ActiveCfg = Debug|Any CPU
		{52AA0F05-8902-4012-8071-60E01761CBCF}.Debug|Any CPU.Build.0 = Debug|Any CPU
		{52AA0F05-8902-4012-8071-60E01761CBCF}.Release|Any CPU.ActiveCfg = Release|Any CPU
		{52AA0F05-8902-4012-8071-60E01761CBCF}.Release|Any CPU.Build.0 = Release|Any CPU
		{271D1728-4FFB-43F0-B1C0-6D8BEDF0C695}.Debug|Any CPU.ActiveCfg = Debug|Any CPU
		{271D1728-4FFB-43F0-B1C0-6D8BEDF0C695}.Debug|Any CPU.Build.0 = Debug|Any CPU
		{271D1728-4FFB-43F0-B1C0-6D8BEDF0C695}.Release|Any CPU.ActiveCfg = Release|Any CPU
		{271D1728-4FFB-43F0-B1C0-6D8BEDF0C695}.Release|Any CPU.Build.0 = Release|Any CPU
	EndGlobalSection
	GlobalSection(SolutionProperties) = preSolution
		HideSolutionNode = FALSE
	EndGlobalSection
EndGlobal
