
Microsoft Visual Studio Solution File, Format Version 12.00
# Visual Studio 15
VisualStudioVersion = 15.0.26430.6
MinimumVisualStudioVersion = 10.0.40219.1
Project("{FAE04EC0-301F-11D3-BF4B-00C04F79EFBC}") = "01.ChooseDrink", "01.ChooseDrink\01.ChooseDrink.csproj", "{9490D108-5B11-4A65-9019-4D18214E8C54}"
EndProject
Project("{FAE04EC0-301F-11D3-BF4B-00C04F79EFBC}") = "02.ChooseDrink2.0", "02.ChooseDrink2.0\02.ChooseDrink2.0.csproj", "{B9148911-DC6F-419F-9C2C-4340ADD8E769}"
EndProject
Project("{FAE04EC0-301F-11D3-BF4B-00C04F79EFBC}") = "03.RestaurantDiscount", "03.RestaurantDiscount\03.RestaurantDiscount.csproj", "{7D1E90A7-FE85-4574-AC32-977F1C49AF8C}"
EndProject
Project("{FAE04EC0-301F-11D3-BF4B-00C04F79EFBC}") = "04.Hotel", "04.Hotel\04.Hotel.csproj", "{00B004A5-00D1-42DC-8215-653ECEF0528D}"
EndProject
Project("{FAE04EC0-301F-11D3-BF4B-00C04F79EFBC}") = "05.WordInPlural", "05.WordInPlural\05.WordInPlural.csproj", "{A06D55FF-2BF7-435C-A579-319FCD099372}"
EndProject
Project("{FAE04EC0-301F-11D3-BF4B-00C04F79EFBC}") = "06.IntervalOfNumbers", "06.IntervalOfNumbers\06.IntervalOfNumbers.csproj", "{5BD04FE2-A19E-4DE6-B890-D129B04BDA92}"
EndProject
Project("{FAE04EC0-301F-11D3-BF4B-00C04F79EFBC}") = "07.CakeIngredients", "07.CakeIngredients\07.CakeIngredients.csproj", "{761BB48F-BEB6-49C6-AC29-91DFC536357F}"
EndProject
Project("{FAE04EC0-301F-11D3-BF4B-00C04F79EFBC}") = "08.CaloriesCounter", "08.CaloriesCounter\08.CaloriesCounter.csproj", "{F655FA8D-8F0E-49CA-AB60-68A43EAB42F8}"
EndProject
Project("{FAE04EC0-301F-11D3-BF4B-00C04F79EFBC}") = "09.CountTheIntegers", "09.CountTheIntegers\09.CountTheIntegers.csproj", "{DE0C20AF-00DF-488A-A321-2F2BD56B2D48}"
EndProject
Project("{FAE04EC0-301F-11D3-BF4B-00C04F79EFBC}") = "10.TriangleOfNumbers", "10.TriangleOfNumbers\10.TriangleOfNumbers.csproj", "{21517564-72B1-4BEC-907F-08319EF2A942}"
EndProject
Project("{FAE04EC0-301F-11D3-BF4B-00C04F79EFBC}") = "11.5DifferentNumbers", "11.5DifferentNumbers\11.5DifferentNumbers.csproj", "{5FA40BE5-07E2-46A6-AA24-B82F4705D632}"
EndProject
Project("{FAE04EC0-301F-11D3-BF4B-00C04F79EFBC}") = "12.TestNumbers", "11.TestNumbers\12.TestNumbers.csproj", "{68400826-26E1-41BC-A16F-6BEF65518D1A}"
EndProject
Project("{FAE04EC0-301F-11D3-BF4B-00C04F79EFBC}") = "13.GameOfNumbers", "12.GameOfNumbers\13.GameOfNumbers.csproj", "{6333D783-E52C-462B-8738-F0CA0FFF517E}"
EndProject
Project("{FAE04EC0-301F-11D3-BF4B-00C04F79EFBC}") = "14.MagicLetter", "13.MagicLetter\14.MagicLetter.csproj", "{1C818C18-FE39-4B05-9015-FC5CEB96DCED}"
EndProject
Project("{FAE04EC0-301F-11D3-BF4B-00C04F79EFBC}") = "14.NeighbourWars", "14.NeighbourWars\14.NeighbourWars.csproj", "{BA055C40-98DD-481F-B858-AB11BF0D097C}"
EndProject
Global
	GlobalSection(SolutionConfigurationPlatforms) = preSolution
		Debug|Any CPU = Debug|Any CPU
		Release|Any CPU = Release|Any CPU
	EndGlobalSection
	GlobalSection(ProjectConfigurationPlatforms) = postSolution
		{9490D108-5B11-4A65-9019-4D18214E8C54}.Debug|Any CPU.ActiveCfg = Debug|Any CPU
		{9490D108-5B11-4A65-9019-4D18214E8C54}.Debug|Any CPU.Build.0 = Debug|Any CPU
		{9490D108-5B11-4A65-9019-4D18214E8C54}.Release|Any CPU.ActiveCfg = Release|Any CPU
		{9490D108-5B11-4A65-9019-4D18214E8C54}.Release|Any CPU.Build.0 = Release|Any CPU
		{B9148911-DC6F-419F-9C2C-4340ADD8E769}.Debug|Any CPU.ActiveCfg = Debug|Any CPU
		{B9148911-DC6F-419F-9C2C-4340ADD8E769}.Debug|Any CPU.Build.0 = Debug|Any CPU
		{B9148911-DC6F-419F-9C2C-4340ADD8E769}.Release|Any CPU.ActiveCfg = Release|Any CPU
		{B9148911-DC6F-419F-9C2C-4340ADD8E769}.Release|Any CPU.Build.0 = Release|Any CPU
		{7D1E90A7-FE85-4574-AC32-977F1C49AF8C}.Debug|Any CPU.ActiveCfg = Debug|Any CPU
		{7D1E90A7-FE85-4574-AC32-977F1C49AF8C}.Debug|Any CPU.Build.0 = Debug|Any CPU
		{7D1E90A7-FE85-4574-AC32-977F1C49AF8C}.Release|Any CPU.ActiveCfg = Release|Any CPU
		{7D1E90A7-FE85-4574-AC32-977F1C49AF8C}.Release|Any CPU.Build.0 = Release|Any CPU
		{00B004A5-00D1-42DC-8215-653ECEF0528D}.Debug|Any CPU.ActiveCfg = Debug|Any CPU
		{00B004A5-00D1-42DC-8215-653ECEF0528D}.Debug|Any CPU.Build.0 = Debug|Any CPU
		{00B004A5-00D1-42DC-8215-653ECEF0528D}.Release|Any CPU.ActiveCfg = Release|Any CPU
		{00B004A5-00D1-42DC-8215-653ECEF0528D}.Release|Any CPU.Build.0 = Release|Any CPU
		{A06D55FF-2BF7-435C-A579-319FCD099372}.Debug|Any CPU.ActiveCfg = Debug|Any CPU
		{A06D55FF-2BF7-435C-A579-319FCD099372}.Debug|Any CPU.Build.0 = Debug|Any CPU
		{A06D55FF-2BF7-435C-A579-319FCD099372}.Release|Any CPU.ActiveCfg = Release|Any CPU
		{A06D55FF-2BF7-435C-A579-319FCD099372}.Release|Any CPU.Build.0 = Release|Any CPU
		{5BD04FE2-A19E-4DE6-B890-D129B04BDA92}.Debug|Any CPU.ActiveCfg = Debug|Any CPU
		{5BD04FE2-A19E-4DE6-B890-D129B04BDA92}.Debug|Any CPU.Build.0 = Debug|Any CPU
		{5BD04FE2-A19E-4DE6-B890-D129B04BDA92}.Release|Any CPU.ActiveCfg = Release|Any CPU
		{5BD04FE2-A19E-4DE6-B890-D129B04BDA92}.Release|Any CPU.Build.0 = Release|Any CPU
		{761BB48F-BEB6-49C6-AC29-91DFC536357F}.Debug|Any CPU.ActiveCfg = Debug|Any CPU
		{761BB48F-BEB6-49C6-AC29-91DFC536357F}.Debug|Any CPU.Build.0 = Debug|Any CPU
		{761BB48F-BEB6-49C6-AC29-91DFC536357F}.Release|Any CPU.ActiveCfg = Release|Any CPU
		{761BB48F-BEB6-49C6-AC29-91DFC536357F}.Release|Any CPU.Build.0 = Release|Any CPU
		{F655FA8D-8F0E-49CA-AB60-68A43EAB42F8}.Debug|Any CPU.ActiveCfg = Debug|Any CPU
		{F655FA8D-8F0E-49CA-AB60-68A43EAB42F8}.Debug|Any CPU.Build.0 = Debug|Any CPU
		{F655FA8D-8F0E-49CA-AB60-68A43EAB42F8}.Release|Any CPU.ActiveCfg = Release|Any CPU
		{F655FA8D-8F0E-49CA-AB60-68A43EAB42F8}.Release|Any CPU.Build.0 = Release|Any CPU
		{DE0C20AF-00DF-488A-A321-2F2BD56B2D48}.Debug|Any CPU.ActiveCfg = Debug|Any CPU
		{DE0C20AF-00DF-488A-A321-2F2BD56B2D48}.Debug|Any CPU.Build.0 = Debug|Any CPU
		{DE0C20AF-00DF-488A-A321-2F2BD56B2D48}.Release|Any CPU.ActiveCfg = Release|Any CPU
		{DE0C20AF-00DF-488A-A321-2F2BD56B2D48}.Release|Any CPU.Build.0 = Release|Any CPU
		{21517564-72B1-4BEC-907F-08319EF2A942}.Debug|Any CPU.ActiveCfg = Debug|Any CPU
		{21517564-72B1-4BEC-907F-08319EF2A942}.Debug|Any CPU.Build.0 = Debug|Any CPU
		{21517564-72B1-4BEC-907F-08319EF2A942}.Release|Any CPU.ActiveCfg = Release|Any CPU
		{21517564-72B1-4BEC-907F-08319EF2A942}.Release|Any CPU.Build.0 = Release|Any CPU
		{5FA40BE5-07E2-46A6-AA24-B82F4705D632}.Debug|Any CPU.ActiveCfg = Debug|Any CPU
		{5FA40BE5-07E2-46A6-AA24-B82F4705D632}.Debug|Any CPU.Build.0 = Debug|Any CPU
		{5FA40BE5-07E2-46A6-AA24-B82F4705D632}.Release|Any CPU.ActiveCfg = Release|Any CPU
		{5FA40BE5-07E2-46A6-AA24-B82F4705D632}.Release|Any CPU.Build.0 = Release|Any CPU
		{68400826-26E1-41BC-A16F-6BEF65518D1A}.Debug|Any CPU.ActiveCfg = Debug|Any CPU
		{68400826-26E1-41BC-A16F-6BEF65518D1A}.Debug|Any CPU.Build.0 = Debug|Any CPU
		{68400826-26E1-41BC-A16F-6BEF65518D1A}.Release|Any CPU.ActiveCfg = Release|Any CPU
		{68400826-26E1-41BC-A16F-6BEF65518D1A}.Release|Any CPU.Build.0 = Release|Any CPU
		{6333D783-E52C-462B-8738-F0CA0FFF517E}.Debug|Any CPU.ActiveCfg = Debug|Any CPU
		{6333D783-E52C-462B-8738-F0CA0FFF517E}.Debug|Any CPU.Build.0 = Debug|Any CPU
		{6333D783-E52C-462B-8738-F0CA0FFF517E}.Release|Any CPU.ActiveCfg = Release|Any CPU
		{6333D783-E52C-462B-8738-F0CA0FFF517E}.Release|Any CPU.Build.0 = Release|Any CPU
		{1C818C18-FE39-4B05-9015-FC5CEB96DCED}.Debug|Any CPU.ActiveCfg = Debug|Any CPU
		{1C818C18-FE39-4B05-9015-FC5CEB96DCED}.Debug|Any CPU.Build.0 = Debug|Any CPU
		{1C818C18-FE39-4B05-9015-FC5CEB96DCED}.Release|Any CPU.ActiveCfg = Release|Any CPU
		{1C818C18-FE39-4B05-9015-FC5CEB96DCED}.Release|Any CPU.Build.0 = Release|Any CPU
		{BA055C40-98DD-481F-B858-AB11BF0D097C}.Debug|Any CPU.ActiveCfg = Debug|Any CPU
		{BA055C40-98DD-481F-B858-AB11BF0D097C}.Debug|Any CPU.Build.0 = Debug|Any CPU
		{BA055C40-98DD-481F-B858-AB11BF0D097C}.Release|Any CPU.ActiveCfg = Release|Any CPU
		{BA055C40-98DD-481F-B858-AB11BF0D097C}.Release|Any CPU.Build.0 = Release|Any CPU
	EndGlobalSection
	GlobalSection(SolutionProperties) = preSolution
		HideSolutionNode = FALSE
	EndGlobalSection
EndGlobal
