
Microsoft Visual Studio Solution File, Format Version 12.00
# Visual Studio 15
VisualStudioVersion = 15.0.26430.6
MinimumVisualStudioVersion = 10.0.40219.1
Project("{FAE04EC0-301F-11D3-BF4B-00C04F79EFBC}") = "01.ChooseDrink", "01.ChooseDrink\01.ChooseDrink.csproj", "{9490D108-5B11-4A65-9019-4D18214E8C54}"
EndProject
Project("{FAE04EC0-301F-11D3-BF4B-00C04F79EFBC}") = "02.ChooseDrink2.0", "02.ChooseDrink2.0\02.ChooseDrink2.0.csproj", "{B9148911-DC6F-419F-9C2C-4340ADD8E769}"
EndProject
Project("{FAE04EC0-301F-11D3-BF4B-00C04F79EFBC}") = "03.RestaurantDiscount", "03.RestaurantDiscount\03.RestaurantDiscount.csproj", "{7D1E90A7-FE85-4574-AC32-977F1C49AF8C}"
EndProject
Project("{FAE04EC0-301F-11D3-BF4B-00C04F79EFBC}") = "04.Hotel", "04.Hotel\04.Hotel.csproj", "{00B004A5-00D1-42DC-8215-653ECEF0528D}"
EndProject
Global
	GlobalSection(SolutionConfigurationPlatforms) = preSolution
		Debug|Any CPU = Debug|Any CPU
		Release|Any CPU = Release|Any CPU
	EndGlobalSection
	GlobalSection(ProjectConfigurationPlatforms) = postSolution
		{9490D108-5B11-4A65-9019-4D18214E8C54}.Debug|Any CPU.ActiveCfg = Debug|Any CPU
		{9490D108-5B11-4A65-9019-4D18214E8C54}.Debug|Any CPU.Build.0 = Debug|Any CPU
		{9490D108-5B11-4A65-9019-4D18214E8C54}.Release|Any CPU.ActiveCfg = Release|Any CPU
		{9490D108-5B11-4A65-9019-4D18214E8C54}.Release|Any CPU.Build.0 = Release|Any CPU
		{B9148911-DC6F-419F-9C2C-4340ADD8E769}.Debug|Any CPU.ActiveCfg = Debug|Any CPU
		{B9148911-DC6F-419F-9C2C-4340ADD8E769}.Debug|Any CPU.Build.0 = Debug|Any CPU
		{B9148911-DC6F-419F-9C2C-4340ADD8E769}.Release|Any CPU.ActiveCfg = Release|Any CPU
		{B9148911-DC6F-419F-9C2C-4340ADD8E769}.Release|Any CPU.Build.0 = Release|Any CPU
		{7D1E90A7-FE85-4574-AC32-977F1C49AF8C}.Debug|Any CPU.ActiveCfg = Debug|Any CPU
		{7D1E90A7-FE85-4574-AC32-977F1C49AF8C}.Debug|Any CPU.Build.0 = Debug|Any CPU
		{7D1E90A7-FE85-4574-AC32-977F1C49AF8C}.Release|Any CPU.ActiveCfg = Release|Any CPU
		{7D1E90A7-FE85-4574-AC32-977F1C49AF8C}.Release|Any CPU.Build.0 = Release|Any CPU
		{00B004A5-00D1-42DC-8215-653ECEF0528D}.Debug|Any CPU.ActiveCfg = Debug|Any CPU
		{00B004A5-00D1-42DC-8215-653ECEF0528D}.Debug|Any CPU.Build.0 = Debug|Any CPU
		{00B004A5-00D1-42DC-8215-653ECEF0528D}.Release|Any CPU.ActiveCfg = Release|Any CPU
		{00B004A5-00D1-42DC-8215-653ECEF0528D}.Release|Any CPU.Build.0 = Release|Any CPU
	EndGlobalSection
	GlobalSection(SolutionProperties) = preSolution
		HideSolutionNode = FALSE
	EndGlobalSection
EndGlobal
