
Microsoft Visual Studio Solution File, Format Version 12.00
# Visual Studio 15
VisualStudioVersion = 15.0.26430.13
MinimumVisualStudioVersion = 10.0.40219.1
Project("{FAE04EC0-301F-11D3-BF4B-00C04F79EFBC}") = "01.CountRealNumbers", "01.CountRealNumbers\01.CountRealNumbers.csproj", "{7A4DECFC-DCD9-4ADB-B01B-D9C926BB9A17}"
EndProject
Project("{FAE04EC0-301F-11D3-BF4B-00C04F79EFBC}") = "02.OddOccurrences", "02.OddOccurrences\02.OddOccurrences.csproj", "{B06152D0-B954-4B98-899F-5F1297C7A081}"
EndProject
Global
	GlobalSection(SolutionConfigurationPlatforms) = preSolution
		Debug|Any CPU = Debug|Any CPU
		Release|Any CPU = Release|Any CPU
	EndGlobalSection
	GlobalSection(ProjectConfigurationPlatforms) = postSolution
		{7A4DECFC-DCD9-4ADB-B01B-D9C926BB9A17}.Debug|Any CPU.ActiveCfg = Debug|Any CPU
		{7A4DECFC-DCD9-4ADB-B01B-D9C926BB9A17}.Debug|Any CPU.Build.0 = Debug|Any CPU
		{7A4DECFC-DCD9-4ADB-B01B-D9C926BB9A17}.Release|Any CPU.ActiveCfg = Release|Any CPU
		{7A4DECFC-DCD9-4ADB-B01B-D9C926BB9A17}.Release|Any CPU.Build.0 = Release|Any CPU
		{B06152D0-B954-4B98-899F-5F1297C7A081}.Debug|Any CPU.ActiveCfg = Debug|Any CPU
		{B06152D0-B954-4B98-899F-5F1297C7A081}.Debug|Any CPU.Build.0 = Debug|Any CPU
		{B06152D0-B954-4B98-899F-5F1297C7A081}.Release|Any CPU.ActiveCfg = Release|Any CPU
		{B06152D0-B954-4B98-899F-5F1297C7A081}.Release|Any CPU.Build.0 = Release|Any CPU
	EndGlobalSection
	GlobalSection(SolutionProperties) = preSolution
		HideSolutionNode = FALSE
	EndGlobalSection
EndGlobal
