
Microsoft Visual Studio Solution File, Format Version 12.00
# Visual Studio 15
VisualStudioVersion = 15.0.26430.6
MinimumVisualStudioVersion = 10.0.40219.1
Project("{FAE04EC0-301F-11D3-BF4B-00C04F79EFBC}") = "01.PracticeIntegerNumbers", "01.PracticeIntegerNumbers\01.PracticeIntegerNumbers.csproj", "{10F70B70-D0B3-4E8E-958D-3D1C02C0B96E}"
EndProject
Project("{FAE04EC0-301F-11D3-BF4B-00C04F79EFBC}") = "02.PracticeFloatingPointNumbers", "02.PracticeFloatingPointNumbers\02.PracticeFloatingPointNumbers.csproj", "{B4023E36-7D6B-4EE1-83E6-2DE4F0A50DD6}"
EndProject
Project("{FAE04EC0-301F-11D3-BF4B-00C04F79EFBC}") = "03.ExchangeVariableValues", "03.ExchangeVariableValues\03.ExchangeVariableValues.csproj", "{9E57D33D-F953-4184-9EDA-143BE539312B}"
EndProject
Project("{FAE04EC0-301F-11D3-BF4B-00C04F79EFBC}") = "04.FloatOrInteger", "04.FloatOrInteger\04.FloatOrInteger.csproj", "{F582BA5B-5A22-4B28-8402-12515BD8AC6C}"
EndProject
Project("{FAE04EC0-301F-11D3-BF4B-00C04F79EFBC}") = "05.DistanceOfTheStars", "05.DistanceOfTheStars\05.DistanceOfTheStars.csproj", "{15BED5DE-8DCE-4FFC-A5A6-C85881F49352}"
EndProject
Project("{FAE04EC0-301F-11D3-BF4B-00C04F79EFBC}") = "06.IncrementVariable", "06.IncrementVariable\06.IncrementVariable.csproj", "{7AA7A8CB-01A1-4B84-8CE8-4A28806DD2EA}"
EndProject
Project("{FAE04EC0-301F-11D3-BF4B-00C04F79EFBC}") = "07.FromTerabytesToBits", "07.FromTerabytesToBits\07.FromTerabytesToBits.csproj", "{231A4C17-C7F7-4DAB-B188-C999CC4E075E}"
EndProject
Project("{FAE04EC0-301F-11D3-BF4B-00C04F79EFBC}") = "08.TravelingAtLightSpeed", "08.TravelingAtLightSpeed\08.TravelingAtLightSpeed.csproj", "{77F80A80-0EA2-4862-BF3E-293FAC595B98}"
EndProject
Global
	GlobalSection(SolutionConfigurationPlatforms) = preSolution
		Debug|Any CPU = Debug|Any CPU
		Release|Any CPU = Release|Any CPU
	EndGlobalSection
	GlobalSection(ProjectConfigurationPlatforms) = postSolution
		{10F70B70-D0B3-4E8E-958D-3D1C02C0B96E}.Debug|Any CPU.ActiveCfg = Debug|Any CPU
		{10F70B70-D0B3-4E8E-958D-3D1C02C0B96E}.Debug|Any CPU.Build.0 = Debug|Any CPU
		{10F70B70-D0B3-4E8E-958D-3D1C02C0B96E}.Release|Any CPU.ActiveCfg = Release|Any CPU
		{10F70B70-D0B3-4E8E-958D-3D1C02C0B96E}.Release|Any CPU.Build.0 = Release|Any CPU
		{B4023E36-7D6B-4EE1-83E6-2DE4F0A50DD6}.Debug|Any CPU.ActiveCfg = Debug|Any CPU
		{B4023E36-7D6B-4EE1-83E6-2DE4F0A50DD6}.Debug|Any CPU.Build.0 = Debug|Any CPU
		{B4023E36-7D6B-4EE1-83E6-2DE4F0A50DD6}.Release|Any CPU.ActiveCfg = Release|Any CPU
		{B4023E36-7D6B-4EE1-83E6-2DE4F0A50DD6}.Release|Any CPU.Build.0 = Release|Any CPU
		{9E57D33D-F953-4184-9EDA-143BE539312B}.Debug|Any CPU.ActiveCfg = Debug|Any CPU
		{9E57D33D-F953-4184-9EDA-143BE539312B}.Debug|Any CPU.Build.0 = Debug|Any CPU
		{9E57D33D-F953-4184-9EDA-143BE539312B}.Release|Any CPU.ActiveCfg = Release|Any CPU
		{9E57D33D-F953-4184-9EDA-143BE539312B}.Release|Any CPU.Build.0 = Release|Any CPU
		{F582BA5B-5A22-4B28-8402-12515BD8AC6C}.Debug|Any CPU.ActiveCfg = Debug|Any CPU
		{F582BA5B-5A22-4B28-8402-12515BD8AC6C}.Debug|Any CPU.Build.0 = Debug|Any CPU
		{F582BA5B-5A22-4B28-8402-12515BD8AC6C}.Release|Any CPU.ActiveCfg = Release|Any CPU
		{F582BA5B-5A22-4B28-8402-12515BD8AC6C}.Release|Any CPU.Build.0 = Release|Any CPU
		{15BED5DE-8DCE-4FFC-A5A6-C85881F49352}.Debug|Any CPU.ActiveCfg = Debug|Any CPU
		{15BED5DE-8DCE-4FFC-A5A6-C85881F49352}.Debug|Any CPU.Build.0 = Debug|Any CPU
		{15BED5DE-8DCE-4FFC-A5A6-C85881F49352}.Release|Any CPU.ActiveCfg = Release|Any CPU
		{15BED5DE-8DCE-4FFC-A5A6-C85881F49352}.Release|Any CPU.Build.0 = Release|Any CPU
		{7AA7A8CB-01A1-4B84-8CE8-4A28806DD2EA}.Debug|Any CPU.ActiveCfg = Debug|Any CPU
		{7AA7A8CB-01A1-4B84-8CE8-4A28806DD2EA}.Debug|Any CPU.Build.0 = Debug|Any CPU
		{7AA7A8CB-01A1-4B84-8CE8-4A28806DD2EA}.Release|Any CPU.ActiveCfg = Release|Any CPU
		{7AA7A8CB-01A1-4B84-8CE8-4A28806DD2EA}.Release|Any CPU.Build.0 = Release|Any CPU
		{231A4C17-C7F7-4DAB-B188-C999CC4E075E}.Debug|Any CPU.ActiveCfg = Debug|Any CPU
		{231A4C17-C7F7-4DAB-B188-C999CC4E075E}.Debug|Any CPU.Build.0 = Debug|Any CPU
		{231A4C17-C7F7-4DAB-B188-C999CC4E075E}.Release|Any CPU.ActiveCfg = Release|Any CPU
		{231A4C17-C7F7-4DAB-B188-C999CC4E075E}.Release|Any CPU.Build.0 = Release|Any CPU
		{77F80A80-0EA2-4862-BF3E-293FAC595B98}.Debug|Any CPU.ActiveCfg = Debug|Any CPU
		{77F80A80-0EA2-4862-BF3E-293FAC595B98}.Debug|Any CPU.Build.0 = Debug|Any CPU
		{77F80A80-0EA2-4862-BF3E-293FAC595B98}.Release|Any CPU.ActiveCfg = Release|Any CPU
		{77F80A80-0EA2-4862-BF3E-293FAC595B98}.Release|Any CPU.Build.0 = Release|Any CPU
	EndGlobalSection
	GlobalSection(SolutionProperties) = preSolution
		HideSolutionNode = FALSE
	EndGlobalSection
EndGlobal
