
Microsoft Visual Studio Solution File, Format Version 12.00
# Visual Studio 15
VisualStudioVersion = 15.0.26430.16
MinimumVisualStudioVersion = 10.0.40219.1
Project("{FAE04EC0-301F-11D3-BF4B-00C04F79EFBC}") = "01.Numbers", "01.Numbers\01.Numbers.csproj", "{C4ECC0B7-A5C3-461B-B541-FA8EE93B7C03}"
EndProject
Project("{FAE04EC0-301F-11D3-BF4B-00C04F79EFBC}") = "02.SoftuniCoffeeOrders", "02.SoftuniCoffeeOrders\02.SoftuniCoffeeOrders.csproj", "{913465B3-D10F-4C0D-AE28-C68BEFD5EE9A}"
EndProject
Project("{FAE04EC0-301F-11D3-BF4B-00C04F79EFBC}") = "03.FootballLeague", "03.FootballLeague\03.FootballLeague.csproj", "{B600D27D-5950-43D1-B409-573B60CDA212}"
EndProject
Global
	GlobalSection(SolutionConfigurationPlatforms) = preSolution
		Debug|Any CPU = Debug|Any CPU
		Release|Any CPU = Release|Any CPU
	EndGlobalSection
	GlobalSection(ProjectConfigurationPlatforms) = postSolution
		{C4ECC0B7-A5C3-461B-B541-FA8EE93B7C03}.Debug|Any CPU.ActiveCfg = Debug|Any CPU
		{C4ECC0B7-A5C3-461B-B541-FA8EE93B7C03}.Debug|Any CPU.Build.0 = Debug|Any CPU
		{C4ECC0B7-A5C3-461B-B541-FA8EE93B7C03}.Release|Any CPU.ActiveCfg = Release|Any CPU
		{C4ECC0B7-A5C3-461B-B541-FA8EE93B7C03}.Release|Any CPU.Build.0 = Release|Any CPU
		{913465B3-D10F-4C0D-AE28-C68BEFD5EE9A}.Debug|Any CPU.ActiveCfg = Debug|Any CPU
		{913465B3-D10F-4C0D-AE28-C68BEFD5EE9A}.Debug|Any CPU.Build.0 = Debug|Any CPU
		{913465B3-D10F-4C0D-AE28-C68BEFD5EE9A}.Release|Any CPU.ActiveCfg = Release|Any CPU
		{913465B3-D10F-4C0D-AE28-C68BEFD5EE9A}.Release|Any CPU.Build.0 = Release|Any CPU
		{B600D27D-5950-43D1-B409-573B60CDA212}.Debug|Any CPU.ActiveCfg = Debug|Any CPU
		{B600D27D-5950-43D1-B409-573B60CDA212}.Debug|Any CPU.Build.0 = Debug|Any CPU
		{B600D27D-5950-43D1-B409-573B60CDA212}.Release|Any CPU.ActiveCfg = Release|Any CPU
		{B600D27D-5950-43D1-B409-573B60CDA212}.Release|Any CPU.Build.0 = Release|Any CPU
	EndGlobalSection
	GlobalSection(SolutionProperties) = preSolution
		HideSolutionNode = FALSE
	EndGlobalSection
EndGlobal
