
Microsoft Visual Studio Solution File, Format Version 12.00
# Visual Studio 15
VisualStudioVersion = 15.0.26430.16
MinimumVisualStudioVersion = 10.0.40219.1
Project("{FAE04EC0-301F-11D3-BF4B-00C04F79EFBC}") = "01.TheaThePhotographer", "01.TheaThePhotographer\01.TheaThePhotographer.csproj", "{7E2B0DD8-0765-406B-9166-A67D221CA437}"
EndProject
Project("{FAE04EC0-301F-11D3-BF4B-00C04F79EFBC}") = "02.TrophonTheGrumpyCat", "02.TrophonTheGrumpyCat\02.TrophonTheGrumpyCat.csproj", "{FC8343F0-5428-4E6D-A5BA-14FCB333E1C1}"
EndProject
Global
	GlobalSection(SolutionConfigurationPlatforms) = preSolution
		Debug|Any CPU = Debug|Any CPU
		Release|Any CPU = Release|Any CPU
	EndGlobalSection
	GlobalSection(ProjectConfigurationPlatforms) = postSolution
		{7E2B0DD8-0765-406B-9166-A67D221CA437}.Debug|Any CPU.ActiveCfg = Debug|Any CPU
		{7E2B0DD8-0765-406B-9166-A67D221CA437}.Debug|Any CPU.Build.0 = Debug|Any CPU
		{7E2B0DD8-0765-406B-9166-A67D221CA437}.Release|Any CPU.ActiveCfg = Release|Any CPU
		{7E2B0DD8-0765-406B-9166-A67D221CA437}.Release|Any CPU.Build.0 = Release|Any CPU
		{FC8343F0-5428-4E6D-A5BA-14FCB333E1C1}.Debug|Any CPU.ActiveCfg = Debug|Any CPU
		{FC8343F0-5428-4E6D-A5BA-14FCB333E1C1}.Debug|Any CPU.Build.0 = Debug|Any CPU
		{FC8343F0-5428-4E6D-A5BA-14FCB333E1C1}.Release|Any CPU.ActiveCfg = Release|Any CPU
		{FC8343F0-5428-4E6D-A5BA-14FCB333E1C1}.Release|Any CPU.Build.0 = Release|Any CPU
	EndGlobalSection
	GlobalSection(SolutionProperties) = preSolution
		HideSolutionNode = FALSE
	EndGlobalSection
EndGlobal
