
Microsoft Visual Studio Solution File, Format Version 12.00
# Visual Studio 15
VisualStudioVersion = 15.0.26430.15
MinimumVisualStudioVersion = 10.0.40219.1
Project("{FAE04EC0-301F-11D3-BF4B-00C04F79EFBC}") = "01.FilterExtensions", "01.FilterExtensions\01.FilterExtensions.csproj", "{860BB312-A6AC-4220-B784-8C494C34B027}"
EndProject
Project("{FAE04EC0-301F-11D3-BF4B-00C04F79EFBC}") = "02.HTMLcontents", "02.HTMLcontents\02.HTMLcontents.csproj", "{42850A68-C1D0-4A59-AECA-D525346C2000}"
EndProject
Project("{FAE04EC0-301F-11D3-BF4B-00C04F79EFBC}") = "03.UserDatabase", "03.UserDatabase\03.UserDatabase.csproj", "{FD774070-11AC-4257-82F1-1E0AE9E71CA6}"
EndProject
Global
	GlobalSection(SolutionConfigurationPlatforms) = preSolution
		Debug|Any CPU = Debug|Any CPU
		Release|Any CPU = Release|Any CPU
	EndGlobalSection
	GlobalSection(ProjectConfigurationPlatforms) = postSolution
		{860BB312-A6AC-4220-B784-8C494C34B027}.Debug|Any CPU.ActiveCfg = Debug|Any CPU
		{860BB312-A6AC-4220-B784-8C494C34B027}.Debug|Any CPU.Build.0 = Debug|Any CPU
		{860BB312-A6AC-4220-B784-8C494C34B027}.Release|Any CPU.ActiveCfg = Release|Any CPU
		{860BB312-A6AC-4220-B784-8C494C34B027}.Release|Any CPU.Build.0 = Release|Any CPU
		{42850A68-C1D0-4A59-AECA-D525346C2000}.Debug|Any CPU.ActiveCfg = Debug|Any CPU
		{42850A68-C1D0-4A59-AECA-D525346C2000}.Debug|Any CPU.Build.0 = Debug|Any CPU
		{42850A68-C1D0-4A59-AECA-D525346C2000}.Release|Any CPU.ActiveCfg = Release|Any CPU
		{42850A68-C1D0-4A59-AECA-D525346C2000}.Release|Any CPU.Build.0 = Release|Any CPU
		{FD774070-11AC-4257-82F1-1E0AE9E71CA6}.Debug|Any CPU.ActiveCfg = Debug|Any CPU
		{FD774070-11AC-4257-82F1-1E0AE9E71CA6}.Debug|Any CPU.Build.0 = Debug|Any CPU
		{FD774070-11AC-4257-82F1-1E0AE9E71CA6}.Release|Any CPU.ActiveCfg = Release|Any CPU
		{FD774070-11AC-4257-82F1-1E0AE9E71CA6}.Release|Any CPU.Build.0 = Release|Any CPU
	EndGlobalSection
	GlobalSection(SolutionProperties) = preSolution
		HideSolutionNode = FALSE
	EndGlobalSection
EndGlobal
