
Microsoft Visual Studio Solution File, Format Version 12.00
# Visual Studio 15
VisualStudioVersion = 15.0.26430.16
MinimumVisualStudioVersion = 10.0.40219.1
Project("{FAE04EC0-301F-11D3-BF4B-00C04F79EFBC}") = "01.SinoTheWalker", "01.SinoTheWalker\01.SinoTheWalker.csproj", "{2D7CCC89-0A29-422C-A3F1-E5FF1535B798}"
EndProject
Project("{FAE04EC0-301F-11D3-BF4B-00C04F79EFBC}") = "02.SoftUniKaraoke", "02.SoftUniKaraoke\02.SoftUniKaraoke.csproj", "{36E9EE48-5649-4E2B-800C-7464F249840F}"
EndProject
Project("{FAE04EC0-301F-11D3-BF4B-00C04F79EFBC}") = "03.EnduranceRally", "03.EnduranceRally\03.EnduranceRally.csproj", "{0ADABC97-F0BA-4B71-8018-8B6C0B11A6F6}"
EndProject
Project("{FAE04EC0-301F-11D3-BF4B-00C04F79EFBC}") = "04.WinningTicket", "04.WinningTicket\04.WinningTicket.csproj", "{A9F00401-DA84-4A63-80A8-57E46F2597C2}"
EndProject
Global
	GlobalSection(SolutionConfigurationPlatforms) = preSolution
		Debug|Any CPU = Debug|Any CPU
		Release|Any CPU = Release|Any CPU
	EndGlobalSection
	GlobalSection(ProjectConfigurationPlatforms) = postSolution
		{2D7CCC89-0A29-422C-A3F1-E5FF1535B798}.Debug|Any CPU.ActiveCfg = Debug|Any CPU
		{2D7CCC89-0A29-422C-A3F1-E5FF1535B798}.Debug|Any CPU.Build.0 = Debug|Any CPU
		{2D7CCC89-0A29-422C-A3F1-E5FF1535B798}.Release|Any CPU.ActiveCfg = Release|Any CPU
		{2D7CCC89-0A29-422C-A3F1-E5FF1535B798}.Release|Any CPU.Build.0 = Release|Any CPU
		{36E9EE48-5649-4E2B-800C-7464F249840F}.Debug|Any CPU.ActiveCfg = Debug|Any CPU
		{36E9EE48-5649-4E2B-800C-7464F249840F}.Debug|Any CPU.Build.0 = Debug|Any CPU
		{36E9EE48-5649-4E2B-800C-7464F249840F}.Release|Any CPU.ActiveCfg = Release|Any CPU
		{36E9EE48-5649-4E2B-800C-7464F249840F}.Release|Any CPU.Build.0 = Release|Any CPU
		{0ADABC97-F0BA-4B71-8018-8B6C0B11A6F6}.Debug|Any CPU.ActiveCfg = Debug|Any CPU
		{0ADABC97-F0BA-4B71-8018-8B6C0B11A6F6}.Debug|Any CPU.Build.0 = Debug|Any CPU
		{0ADABC97-F0BA-4B71-8018-8B6C0B11A6F6}.Release|Any CPU.ActiveCfg = Release|Any CPU
		{0ADABC97-F0BA-4B71-8018-8B6C0B11A6F6}.Release|Any CPU.Build.0 = Release|Any CPU
		{A9F00401-DA84-4A63-80A8-57E46F2597C2}.Debug|Any CPU.ActiveCfg = Debug|Any CPU
		{A9F00401-DA84-4A63-80A8-57E46F2597C2}.Debug|Any CPU.Build.0 = Debug|Any CPU
		{A9F00401-DA84-4A63-80A8-57E46F2597C2}.Release|Any CPU.ActiveCfg = Release|Any CPU
		{A9F00401-DA84-4A63-80A8-57E46F2597C2}.Release|Any CPU.Build.0 = Release|Any CPU
	EndGlobalSection
	GlobalSection(SolutionProperties) = preSolution
		HideSolutionNode = FALSE
	EndGlobalSection
EndGlobal
