
Microsoft Visual Studio Solution File, Format Version 12.00
# Visual Studio 15
VisualStudioVersion = 15.0.26430.14
MinimumVisualStudioVersion = 10.0.40219.1
Project("{FAE04EC0-301F-11D3-BF4B-00C04F79EFBC}") = "01.RegisterUsers", "01.RegisterUsers\01.RegisterUsers.csproj", "{380698DE-9A2E-4182-B6B7-6E9DEDBC6A9C}"
EndProject
Project("{FAE04EC0-301F-11D3-BF4B-00C04F79EFBC}") = "02.DefaultValues", "02.DefaultValues\02.DefaultValues.csproj", "{3C5D178D-3244-42C2-9F50-D3DCED404698}"
EndProject
Project("{FAE04EC0-301F-11D3-BF4B-00C04F79EFBC}") = "03.ShoppingSpree", "03.ShoppingSpree\03.ShoppingSpree.csproj", "{6BB8865A-DB85-4462-9F3C-F303AD2F51A3}"
EndProject
Project("{FAE04EC0-301F-11D3-BF4B-00C04F79EFBC}") = "04.SoftUniBeerPong", "04.SoftUniBeerPong\04.SoftUniBeerPong.csproj", "{A199705C-8A69-4562-A276-DD6F9E6F9174}"
EndProject
Project("{FAE04EC0-301F-11D3-BF4B-00C04F79EFBC}") = "05.FlattenDictionary", "05.FlattenDictionary\05.FlattenDictionary.csproj", "{95779AA7-5BCB-4CBD-A6EA-BB6BE63F0866}"
EndProject
Project("{FAE04EC0-301F-11D3-BF4B-00C04F79EFBC}") = "06.CottageScraper", "06.CottageScraper\06.CottageScraper.csproj", "{EEEE2B7D-4784-47FB-9BBA-BFABB802499D}"
EndProject
Global
	GlobalSection(SolutionConfigurationPlatforms) = preSolution
		Debug|Any CPU = Debug|Any CPU
		Release|Any CPU = Release|Any CPU
	EndGlobalSection
	GlobalSection(ProjectConfigurationPlatforms) = postSolution
		{380698DE-9A2E-4182-B6B7-6E9DEDBC6A9C}.Debug|Any CPU.ActiveCfg = Debug|Any CPU
		{380698DE-9A2E-4182-B6B7-6E9DEDBC6A9C}.Debug|Any CPU.Build.0 = Debug|Any CPU
		{380698DE-9A2E-4182-B6B7-6E9DEDBC6A9C}.Release|Any CPU.ActiveCfg = Release|Any CPU
		{380698DE-9A2E-4182-B6B7-6E9DEDBC6A9C}.Release|Any CPU.Build.0 = Release|Any CPU
		{3C5D178D-3244-42C2-9F50-D3DCED404698}.Debug|Any CPU.ActiveCfg = Debug|Any CPU
		{3C5D178D-3244-42C2-9F50-D3DCED404698}.Debug|Any CPU.Build.0 = Debug|Any CPU
		{3C5D178D-3244-42C2-9F50-D3DCED404698}.Release|Any CPU.ActiveCfg = Release|Any CPU
		{3C5D178D-3244-42C2-9F50-D3DCED404698}.Release|Any CPU.Build.0 = Release|Any CPU
		{6BB8865A-DB85-4462-9F3C-F303AD2F51A3}.Debug|Any CPU.ActiveCfg = Debug|Any CPU
		{6BB8865A-DB85-4462-9F3C-F303AD2F51A3}.Debug|Any CPU.Build.0 = Debug|Any CPU
		{6BB8865A-DB85-4462-9F3C-F303AD2F51A3}.Release|Any CPU.ActiveCfg = Release|Any CPU
		{6BB8865A-DB85-4462-9F3C-F303AD2F51A3}.Release|Any CPU.Build.0 = Release|Any CPU
		{A199705C-8A69-4562-A276-DD6F9E6F9174}.Debug|Any CPU.ActiveCfg = Debug|Any CPU
		{A199705C-8A69-4562-A276-DD6F9E6F9174}.Debug|Any CPU.Build.0 = Debug|Any CPU
		{A199705C-8A69-4562-A276-DD6F9E6F9174}.Release|Any CPU.ActiveCfg = Release|Any CPU
		{A199705C-8A69-4562-A276-DD6F9E6F9174}.Release|Any CPU.Build.0 = Release|Any CPU
		{95779AA7-5BCB-4CBD-A6EA-BB6BE63F0866}.Debug|Any CPU.ActiveCfg = Debug|Any CPU
		{95779AA7-5BCB-4CBD-A6EA-BB6BE63F0866}.Debug|Any CPU.Build.0 = Debug|Any CPU
		{95779AA7-5BCB-4CBD-A6EA-BB6BE63F0866}.Release|Any CPU.ActiveCfg = Release|Any CPU
		{95779AA7-5BCB-4CBD-A6EA-BB6BE63F0866}.Release|Any CPU.Build.0 = Release|Any CPU
		{EEEE2B7D-4784-47FB-9BBA-BFABB802499D}.Debug|Any CPU.ActiveCfg = Debug|Any CPU
		{EEEE2B7D-4784-47FB-9BBA-BFABB802499D}.Debug|Any CPU.Build.0 = Debug|Any CPU
		{EEEE2B7D-4784-47FB-9BBA-BFABB802499D}.Release|Any CPU.ActiveCfg = Release|Any CPU
		{EEEE2B7D-4784-47FB-9BBA-BFABB802499D}.Release|Any CPU.Build.0 = Release|Any CPU
	EndGlobalSection
	GlobalSection(SolutionProperties) = preSolution
		HideSolutionNode = FALSE
	EndGlobalSection
EndGlobal
