
Microsoft Visual Studio Solution File, Format Version 12.00
# Visual Studio 15
VisualStudioVersion = 15.0.26430.6
MinimumVisualStudioVersion = 10.0.40219.1
Project("{FAE04EC0-301F-11D3-BF4B-00C04F79EFBC}") = "01.X", "01.X\01.X.csproj", "{40220C26-7354-41D3-B806-F05BC3165C46}"
EndProject
Project("{FAE04EC0-301F-11D3-BF4B-00C04F79EFBC}") = "02.VaporStore", "02.VaporStore\02.VaporStore.csproj", "{905A2E93-9B8D-49EC-8466-45B2311B901B}"
EndProject
Global
	GlobalSection(SolutionConfigurationPlatforms) = preSolution
		Debug|Any CPU = Debug|Any CPU
		Release|Any CPU = Release|Any CPU
	EndGlobalSection
	GlobalSection(ProjectConfigurationPlatforms) = postSolution
		{40220C26-7354-41D3-B806-F05BC3165C46}.Debug|Any CPU.ActiveCfg = Debug|Any CPU
		{40220C26-7354-41D3-B806-F05BC3165C46}.Debug|Any CPU.Build.0 = Debug|Any CPU
		{40220C26-7354-41D3-B806-F05BC3165C46}.Release|Any CPU.ActiveCfg = Release|Any CPU
		{40220C26-7354-41D3-B806-F05BC3165C46}.Release|Any CPU.Build.0 = Release|Any CPU
		{905A2E93-9B8D-49EC-8466-45B2311B901B}.Debug|Any CPU.ActiveCfg = Debug|Any CPU
		{905A2E93-9B8D-49EC-8466-45B2311B901B}.Debug|Any CPU.Build.0 = Debug|Any CPU
		{905A2E93-9B8D-49EC-8466-45B2311B901B}.Release|Any CPU.ActiveCfg = Release|Any CPU
		{905A2E93-9B8D-49EC-8466-45B2311B901B}.Release|Any CPU.Build.0 = Release|Any CPU
	EndGlobalSection
	GlobalSection(SolutionProperties) = preSolution
		HideSolutionNode = FALSE
	EndGlobalSection
EndGlobal
