
Microsoft Visual Studio Solution File, Format Version 12.00
# Visual Studio 15
VisualStudioVersion = 15.0.26430.6
MinimumVisualStudioVersion = 10.0.40219.1
Project("{FAE04EC0-301F-11D3-BF4B-00C04F79EFBC}") = "01.DebitCardNumber", "01.DebitCardNumber\01.DebitCardNumber.csproj", "{5FE6248D-C806-4A17-9E50-74C21B9B586D}"
EndProject
Project("{FAE04EC0-301F-11D3-BF4B-00C04F79EFBC}") = "02.RectangleArea", "02.RectangleArea\02.RectangleArea.csproj", "{AEFE4C3C-B2AF-42C8-9A57-2DD4AECA7126}"
EndProject
Project("{FAE04EC0-301F-11D3-BF4B-00C04F79EFBC}") = "03.MilesToKilometers", "03.MilesToKilometers\03.MilesToKilometers.csproj", "{06E52C8F-C4FC-478A-B329-111EBC70C026}"
EndProject
Project("{FAE04EC0-301F-11D3-BF4B-00C04F79EFBC}") = "04.BeverageLabels", "04.BeverageLabels\04.BeverageLabels.csproj", "{026D7B6A-431A-4F71-A929-A726365EFDAA}"
EndProject
Project("{FAE04EC0-301F-11D3-BF4B-00C04F79EFBC}") = "05.CharacterStats", "05.CharacterStats\05.CharacterStats.csproj", "{91A6F69D-3A19-4AE8-8345-1B1FED5DC17B}"
EndProject
Global
	GlobalSection(SolutionConfigurationPlatforms) = preSolution
		Debug|Any CPU = Debug|Any CPU
		Release|Any CPU = Release|Any CPU
	EndGlobalSection
	GlobalSection(ProjectConfigurationPlatforms) = postSolution
		{5FE6248D-C806-4A17-9E50-74C21B9B586D}.Debug|Any CPU.ActiveCfg = Debug|Any CPU
		{5FE6248D-C806-4A17-9E50-74C21B9B586D}.Debug|Any CPU.Build.0 = Debug|Any CPU
		{5FE6248D-C806-4A17-9E50-74C21B9B586D}.Release|Any CPU.ActiveCfg = Release|Any CPU
		{5FE6248D-C806-4A17-9E50-74C21B9B586D}.Release|Any CPU.Build.0 = Release|Any CPU
		{AEFE4C3C-B2AF-42C8-9A57-2DD4AECA7126}.Debug|Any CPU.ActiveCfg = Debug|Any CPU
		{AEFE4C3C-B2AF-42C8-9A57-2DD4AECA7126}.Debug|Any CPU.Build.0 = Debug|Any CPU
		{AEFE4C3C-B2AF-42C8-9A57-2DD4AECA7126}.Release|Any CPU.ActiveCfg = Release|Any CPU
		{AEFE4C3C-B2AF-42C8-9A57-2DD4AECA7126}.Release|Any CPU.Build.0 = Release|Any CPU
		{06E52C8F-C4FC-478A-B329-111EBC70C026}.Debug|Any CPU.ActiveCfg = Debug|Any CPU
		{06E52C8F-C4FC-478A-B329-111EBC70C026}.Debug|Any CPU.Build.0 = Debug|Any CPU
		{06E52C8F-C4FC-478A-B329-111EBC70C026}.Release|Any CPU.ActiveCfg = Release|Any CPU
		{06E52C8F-C4FC-478A-B329-111EBC70C026}.Release|Any CPU.Build.0 = Release|Any CPU
		{026D7B6A-431A-4F71-A929-A726365EFDAA}.Debug|Any CPU.ActiveCfg = Debug|Any CPU
		{026D7B6A-431A-4F71-A929-A726365EFDAA}.Debug|Any CPU.Build.0 = Debug|Any CPU
		{026D7B6A-431A-4F71-A929-A726365EFDAA}.Release|Any CPU.ActiveCfg = Release|Any CPU
		{026D7B6A-431A-4F71-A929-A726365EFDAA}.Release|Any CPU.Build.0 = Release|Any CPU
		{91A6F69D-3A19-4AE8-8345-1B1FED5DC17B}.Debug|Any CPU.ActiveCfg = Debug|Any CPU
		{91A6F69D-3A19-4AE8-8345-1B1FED5DC17B}.Debug|Any CPU.Build.0 = Debug|Any CPU
		{91A6F69D-3A19-4AE8-8345-1B1FED5DC17B}.Release|Any CPU.ActiveCfg = Release|Any CPU
		{91A6F69D-3A19-4AE8-8345-1B1FED5DC17B}.Release|Any CPU.Build.0 = Release|Any CPU
	EndGlobalSection
	GlobalSection(SolutionProperties) = preSolution
		HideSolutionNode = FALSE
	EndGlobalSection
EndGlobal
