
Microsoft Visual Studio Solution File, Format Version 12.00
# Visual Studio 15
VisualStudioVersion = 15.0.26430.16
MinimumVisualStudioVersion = 10.0.40219.1
Project("{FAE04EC0-301F-11D3-BF4B-00C04F79EFBC}") = "03.Wormhole", "03.Wormhole\03.Wormhole.csproj", "{5D179797-880C-4ABA-999C-B2540A02E541}"
EndProject
Project("{FAE04EC0-301F-11D3-BF4B-00C04F79EFBC}") = "04.WormsWorldParty", "04.WormsWorldParty\04.WormsWorldParty.csproj", "{AF1253DC-065C-4EC8-9012-982E3099575A}"
EndProject
Global
	GlobalSection(SolutionConfigurationPlatforms) = preSolution
		Debug|Any CPU = Debug|Any CPU
		Release|Any CPU = Release|Any CPU
	EndGlobalSection
	GlobalSection(ProjectConfigurationPlatforms) = postSolution
		{5D179797-880C-4ABA-999C-B2540A02E541}.Debug|Any CPU.ActiveCfg = Debug|Any CPU
		{5D179797-880C-4ABA-999C-B2540A02E541}.Debug|Any CPU.Build.0 = Debug|Any CPU
		{5D179797-880C-4ABA-999C-B2540A02E541}.Release|Any CPU.ActiveCfg = Release|Any CPU
		{5D179797-880C-4ABA-999C-B2540A02E541}.Release|Any CPU.Build.0 = Release|Any CPU
		{AF1253DC-065C-4EC8-9012-982E3099575A}.Debug|Any CPU.ActiveCfg = Debug|Any CPU
		{AF1253DC-065C-4EC8-9012-982E3099575A}.Debug|Any CPU.Build.0 = Debug|Any CPU
		{AF1253DC-065C-4EC8-9012-982E3099575A}.Release|Any CPU.ActiveCfg = Release|Any CPU
		{AF1253DC-065C-4EC8-9012-982E3099575A}.Release|Any CPU.Build.0 = Release|Any CPU
	EndGlobalSection
	GlobalSection(SolutionProperties) = preSolution
		HideSolutionNode = FALSE
	EndGlobalSection
EndGlobal
