
Microsoft Visual Studio Solution File, Format Version 12.00
# Visual Studio 15
VisualStudioVersion = 15.0.26430.14
MinimumVisualStudioVersion = 10.0.40219.1
Project("{FAE04EC0-301F-11D3-BF4B-00C04F79EFBC}") = "01.LetterRepetition", "01.LetterRepetition\01.LetterRepetition.csproj", "{32C3F6E2-2ECE-4092-98BB-E8DF3038B7B8}"
EndProject
Project("{FAE04EC0-301F-11D3-BF4B-00C04F79EFBC}") = "02.Dict-Ref", "02.Dict-Ref\02.Dict-Ref.csproj", "{5F22AB00-1209-4511-A68B-FA53F1F4C700}"
EndProject
Project("{FAE04EC0-301F-11D3-BF4B-00C04F79EFBC}") = "03.MixedPhones", "03.MixedPhones\03.MixedPhones.csproj", "{02A242B9-7F4B-40CD-AEC7-5BB6A551DB55}"
EndProject
Project("{FAE04EC0-301F-11D3-BF4B-00C04F79EFBC}") = "04.ExamShopping", "04.ExamShopping\04.ExamShopping.csproj", "{4BB4A2B2-149F-4C97-B134-6A740D535154}"
EndProject
Project("{FAE04EC0-301F-11D3-BF4B-00C04F79EFBC}") = "05.UserLogins", "05.UserLogins\05.UserLogins.csproj", "{9E7D42F5-5902-4FF9-B4F9-98BA411882FB}"
EndProject
Project("{FAE04EC0-301F-11D3-BF4B-00C04F79EFBC}") = "06.FilterBase", "06.FilterBase\06.FilterBase.csproj", "{17DC3D4A-B839-4D9E-8527-C800AB2E251C}"
EndProject
Global
	GlobalSection(SolutionConfigurationPlatforms) = preSolution
		Debug|Any CPU = Debug|Any CPU
		Release|Any CPU = Release|Any CPU
	EndGlobalSection
	GlobalSection(ProjectConfigurationPlatforms) = postSolution
		{32C3F6E2-2ECE-4092-98BB-E8DF3038B7B8}.Debug|Any CPU.ActiveCfg = Debug|Any CPU
		{32C3F6E2-2ECE-4092-98BB-E8DF3038B7B8}.Debug|Any CPU.Build.0 = Debug|Any CPU
		{32C3F6E2-2ECE-4092-98BB-E8DF3038B7B8}.Release|Any CPU.ActiveCfg = Release|Any CPU
		{32C3F6E2-2ECE-4092-98BB-E8DF3038B7B8}.Release|Any CPU.Build.0 = Release|Any CPU
		{5F22AB00-1209-4511-A68B-FA53F1F4C700}.Debug|Any CPU.ActiveCfg = Debug|Any CPU
		{5F22AB00-1209-4511-A68B-FA53F1F4C700}.Debug|Any CPU.Build.0 = Debug|Any CPU
		{5F22AB00-1209-4511-A68B-FA53F1F4C700}.Release|Any CPU.ActiveCfg = Release|Any CPU
		{5F22AB00-1209-4511-A68B-FA53F1F4C700}.Release|Any CPU.Build.0 = Release|Any CPU
		{02A242B9-7F4B-40CD-AEC7-5BB6A551DB55}.Debug|Any CPU.ActiveCfg = Debug|Any CPU
		{02A242B9-7F4B-40CD-AEC7-5BB6A551DB55}.Debug|Any CPU.Build.0 = Debug|Any CPU
		{02A242B9-7F4B-40CD-AEC7-5BB6A551DB55}.Release|Any CPU.ActiveCfg = Release|Any CPU
		{02A242B9-7F4B-40CD-AEC7-5BB6A551DB55}.Release|Any CPU.Build.0 = Release|Any CPU
		{4BB4A2B2-149F-4C97-B134-6A740D535154}.Debug|Any CPU.ActiveCfg = Debug|Any CPU
		{4BB4A2B2-149F-4C97-B134-6A740D535154}.Debug|Any CPU.Build.0 = Debug|Any CPU
		{4BB4A2B2-149F-4C97-B134-6A740D535154}.Release|Any CPU.ActiveCfg = Release|Any CPU
		{4BB4A2B2-149F-4C97-B134-6A740D535154}.Release|Any CPU.Build.0 = Release|Any CPU
		{9E7D42F5-5902-4FF9-B4F9-98BA411882FB}.Debug|Any CPU.ActiveCfg = Debug|Any CPU
		{9E7D42F5-5902-4FF9-B4F9-98BA411882FB}.Debug|Any CPU.Build.0 = Debug|Any CPU
		{9E7D42F5-5902-4FF9-B4F9-98BA411882FB}.Release|Any CPU.ActiveCfg = Release|Any CPU
		{9E7D42F5-5902-4FF9-B4F9-98BA411882FB}.Release|Any CPU.Build.0 = Release|Any CPU
		{17DC3D4A-B839-4D9E-8527-C800AB2E251C}.Debug|Any CPU.ActiveCfg = Debug|Any CPU
		{17DC3D4A-B839-4D9E-8527-C800AB2E251C}.Debug|Any CPU.Build.0 = Debug|Any CPU
		{17DC3D4A-B839-4D9E-8527-C800AB2E251C}.Release|Any CPU.ActiveCfg = Release|Any CPU
		{17DC3D4A-B839-4D9E-8527-C800AB2E251C}.Release|Any CPU.Build.0 = Release|Any CPU
	EndGlobalSection
	GlobalSection(SolutionProperties) = preSolution
		HideSolutionNode = FALSE
	EndGlobalSection
EndGlobal
